
Microsoft Visual Studio Solution File, Format Version 12.00
# Visual Studio 15
VisualStudioVersion = 15.0.26124.0
MinimumVisualStudioVersion = 15.0.26124.0
Project("{FAE04EC0-301F-11D3-BF4B-00C04F79EFBC}") = "TaskList.Core", "TaskList.Core\TaskList.Core.csproj", "{21BE095E-6D33-48DA-9DA4-3E80EA39CC54}"
EndProject
Project("{FAE04EC0-301F-11D3-BF4B-00C04F79EFBC}") = "TaskList.WebAPI", "TaskList.WebAPI\TaskList.WebAPI.csproj", "{0F04F1B6-5AB2-45F2-92D7-170F98B2D642}"
EndProject
Project("{FAE04EC0-301F-11D3-BF4B-00C04F79EFBC}") = "TaskList.Constants", "TaskList.Constants\TaskList.Constants.csproj", "{B0E8441B-A2C7-4CD5-A146-6100B45B3B8A}"
EndProject
Project("{FAE04EC0-301F-11D3-BF4B-00C04F79EFBC}") = "TaskList.MobileApp.Android", "TaskList.MobileApp\TaskList.MobileApp.Android\TaskList.MobileApp.Android.csproj", "{0D5AA5D1-1B69-4F81-8F31-63B03F838F06}"
EndProject
Project("{FAE04EC0-301F-11D3-BF4B-00C04F79EFBC}") = "TaskList.MobileApp.iOS", "TaskList.MobileApp\TaskList.MobileApp.iOS\TaskList.MobileApp.iOS.csproj", "{964C1F70-F3B5-4300-A937-A4EF59BDB745}"
EndProject
Project("{FAE04EC0-301F-11D3-BF4B-00C04F79EFBC}") = "TaskList.MobileApp.UWP", "TaskList.MobileApp\TaskList.MobileApp.UWP\TaskList.MobileApp.UWP.csproj", "{25E9B313-70E2-49FD-BE58-DD92567DEB9F}"
EndProject
Project("{FAE04EC0-301F-11D3-BF4B-00C04F79EFBC}") = "TaskList.MobileApp", "TaskList.MobileApp\TaskList.MobileApp\TaskList.MobileApp.csproj", "{8FCB616F-6C3A-4AD4-9D64-92FE080CCBCB}"
EndProject
Project("{2150E333-8FDC-42A3-9474-1A3956D46DE8}") = "Mobile", "Mobile", "{D765712F-A3DC-4D73-B803-BCBE64636686}"
EndProject
Global
	GlobalSection(SolutionConfigurationPlatforms) = preSolution
		Ad-Hoc|Any CPU = Ad-Hoc|Any CPU
		Ad-Hoc|ARM = Ad-Hoc|ARM
		Ad-Hoc|iPhone = Ad-Hoc|iPhone
		Ad-Hoc|iPhoneSimulator = Ad-Hoc|iPhoneSimulator
		Ad-Hoc|x64 = Ad-Hoc|x64
		Ad-Hoc|x86 = Ad-Hoc|x86
		AppStore|Any CPU = AppStore|Any CPU
		AppStore|ARM = AppStore|ARM
		AppStore|iPhone = AppStore|iPhone
		AppStore|iPhoneSimulator = AppStore|iPhoneSimulator
		AppStore|x64 = AppStore|x64
		AppStore|x86 = AppStore|x86
		Debug|Any CPU = Debug|Any CPU
		Debug|ARM = Debug|ARM
		Debug|iPhone = Debug|iPhone
		Debug|iPhoneSimulator = Debug|iPhoneSimulator
		Debug|x64 = Debug|x64
		Debug|x86 = Debug|x86
		Release|Any CPU = Release|Any CPU
		Release|ARM = Release|ARM
		Release|iPhone = Release|iPhone
		Release|iPhoneSimulator = Release|iPhoneSimulator
		Release|x64 = Release|x64
		Release|x86 = Release|x86
	EndGlobalSection
	GlobalSection(ProjectConfigurationPlatforms) = postSolution
		{21BE095E-6D33-48DA-9DA4-3E80EA39CC54}.Ad-Hoc|Any CPU.ActiveCfg = Debug|Any CPU
		{21BE095E-6D33-48DA-9DA4-3E80EA39CC54}.Ad-Hoc|Any CPU.Build.0 = Debug|Any CPU
		{21BE095E-6D33-48DA-9DA4-3E80EA39CC54}.Ad-Hoc|ARM.ActiveCfg = Debug|Any CPU
		{21BE095E-6D33-48DA-9DA4-3E80EA39CC54}.Ad-Hoc|ARM.Build.0 = Debug|Any CPU
		{21BE095E-6D33-48DA-9DA4-3E80EA39CC54}.Ad-Hoc|iPhone.ActiveCfg = Debug|Any CPU
		{21BE095E-6D33-48DA-9DA4-3E80EA39CC54}.Ad-Hoc|iPhone.Build.0 = Debug|Any CPU
		{21BE095E-6D33-48DA-9DA4-3E80EA39CC54}.Ad-Hoc|iPhoneSimulator.ActiveCfg = Debug|Any CPU
		{21BE095E-6D33-48DA-9DA4-3E80EA39CC54}.Ad-Hoc|iPhoneSimulator.Build.0 = Debug|Any CPU
		{21BE095E-6D33-48DA-9DA4-3E80EA39CC54}.Ad-Hoc|x64.ActiveCfg = Debug|Any CPU
		{21BE095E-6D33-48DA-9DA4-3E80EA39CC54}.Ad-Hoc|x64.Build.0 = Debug|Any CPU
		{21BE095E-6D33-48DA-9DA4-3E80EA39CC54}.Ad-Hoc|x86.ActiveCfg = Debug|Any CPU
		{21BE095E-6D33-48DA-9DA4-3E80EA39CC54}.Ad-Hoc|x86.Build.0 = Debug|Any CPU
		{21BE095E-6D33-48DA-9DA4-3E80EA39CC54}.AppStore|Any CPU.ActiveCfg = Debug|Any CPU
		{21BE095E-6D33-48DA-9DA4-3E80EA39CC54}.AppStore|Any CPU.Build.0 = Debug|Any CPU
		{21BE095E-6D33-48DA-9DA4-3E80EA39CC54}.AppStore|ARM.ActiveCfg = Debug|Any CPU
		{21BE095E-6D33-48DA-9DA4-3E80EA39CC54}.AppStore|ARM.Build.0 = Debug|Any CPU
		{21BE095E-6D33-48DA-9DA4-3E80EA39CC54}.AppStore|iPhone.ActiveCfg = Debug|Any CPU
		{21BE095E-6D33-48DA-9DA4-3E80EA39CC54}.AppStore|iPhone.Build.0 = Debug|Any CPU
		{21BE095E-6D33-48DA-9DA4-3E80EA39CC54}.AppStore|iPhoneSimulator.ActiveCfg = Debug|Any CPU
		{21BE095E-6D33-48DA-9DA4-3E80EA39CC54}.AppStore|iPhoneSimulator.Build.0 = Debug|Any CPU
		{21BE095E-6D33-48DA-9DA4-3E80EA39CC54}.AppStore|x64.ActiveCfg = Debug|Any CPU
		{21BE095E-6D33-48DA-9DA4-3E80EA39CC54}.AppStore|x64.Build.0 = Debug|Any CPU
		{21BE095E-6D33-48DA-9DA4-3E80EA39CC54}.AppStore|x86.ActiveCfg = Debug|Any CPU
		{21BE095E-6D33-48DA-9DA4-3E80EA39CC54}.AppStore|x86.Build.0 = Debug|Any CPU
		{21BE095E-6D33-48DA-9DA4-3E80EA39CC54}.Debug|Any CPU.ActiveCfg = Debug|Any CPU
		{21BE095E-6D33-48DA-9DA4-3E80EA39CC54}.Debug|Any CPU.Build.0 = Debug|Any CPU
		{21BE095E-6D33-48DA-9DA4-3E80EA39CC54}.Debug|ARM.ActiveCfg = Debug|Any CPU
		{21BE095E-6D33-48DA-9DA4-3E80EA39CC54}.Debug|ARM.Build.0 = Debug|Any CPU
		{21BE095E-6D33-48DA-9DA4-3E80EA39CC54}.Debug|iPhone.ActiveCfg = Debug|Any CPU
		{21BE095E-6D33-48DA-9DA4-3E80EA39CC54}.Debug|iPhone.Build.0 = Debug|Any CPU
		{21BE095E-6D33-48DA-9DA4-3E80EA39CC54}.Debug|iPhoneSimulator.ActiveCfg = Debug|Any CPU
		{21BE095E-6D33-48DA-9DA4-3E80EA39CC54}.Debug|iPhoneSimulator.Build.0 = Debug|Any CPU
		{21BE095E-6D33-48DA-9DA4-3E80EA39CC54}.Debug|x64.ActiveCfg = Debug|Any CPU
		{21BE095E-6D33-48DA-9DA4-3E80EA39CC54}.Debug|x64.Build.0 = Debug|Any CPU
		{21BE095E-6D33-48DA-9DA4-3E80EA39CC54}.Debug|x86.ActiveCfg = Debug|Any CPU
		{21BE095E-6D33-48DA-9DA4-3E80EA39CC54}.Debug|x86.Build.0 = Debug|Any CPU
		{21BE095E-6D33-48DA-9DA4-3E80EA39CC54}.Release|Any CPU.ActiveCfg = Release|Any CPU
		{21BE095E-6D33-48DA-9DA4-3E80EA39CC54}.Release|Any CPU.Build.0 = Release|Any CPU
		{21BE095E-6D33-48DA-9DA4-3E80EA39CC54}.Release|ARM.ActiveCfg = Release|Any CPU
		{21BE095E-6D33-48DA-9DA4-3E80EA39CC54}.Release|ARM.Build.0 = Release|Any CPU
		{21BE095E-6D33-48DA-9DA4-3E80EA39CC54}.Release|iPhone.ActiveCfg = Release|Any CPU
		{21BE095E-6D33-48DA-9DA4-3E80EA39CC54}.Release|iPhone.Build.0 = Release|Any CPU
		{21BE095E-6D33-48DA-9DA4-3E80EA39CC54}.Release|iPhoneSimulator.ActiveCfg = Release|Any CPU
		{21BE095E-6D33-48DA-9DA4-3E80EA39CC54}.Release|iPhoneSimulator.Build.0 = Release|Any CPU
		{21BE095E-6D33-48DA-9DA4-3E80EA39CC54}.Release|x64.ActiveCfg = Release|Any CPU
		{21BE095E-6D33-48DA-9DA4-3E80EA39CC54}.Release|x64.Build.0 = Release|Any CPU
		{21BE095E-6D33-48DA-9DA4-3E80EA39CC54}.Release|x86.ActiveCfg = Release|Any CPU
		{21BE095E-6D33-48DA-9DA4-3E80EA39CC54}.Release|x86.Build.0 = Release|Any CPU
		{0F04F1B6-5AB2-45F2-92D7-170F98B2D642}.Ad-Hoc|Any CPU.ActiveCfg = Debug|Any CPU
		{0F04F1B6-5AB2-45F2-92D7-170F98B2D642}.Ad-Hoc|Any CPU.Build.0 = Debug|Any CPU
		{0F04F1B6-5AB2-45F2-92D7-170F98B2D642}.Ad-Hoc|ARM.ActiveCfg = Debug|Any CPU
		{0F04F1B6-5AB2-45F2-92D7-170F98B2D642}.Ad-Hoc|ARM.Build.0 = Debug|Any CPU
		{0F04F1B6-5AB2-45F2-92D7-170F98B2D642}.Ad-Hoc|iPhone.ActiveCfg = Debug|Any CPU
		{0F04F1B6-5AB2-45F2-92D7-170F98B2D642}.Ad-Hoc|iPhone.Build.0 = Debug|Any CPU
		{0F04F1B6-5AB2-45F2-92D7-170F98B2D642}.Ad-Hoc|iPhoneSimulator.ActiveCfg = Debug|Any CPU
		{0F04F1B6-5AB2-45F2-92D7-170F98B2D642}.Ad-Hoc|iPhoneSimulator.Build.0 = Debug|Any CPU
		{0F04F1B6-5AB2-45F2-92D7-170F98B2D642}.Ad-Hoc|x64.ActiveCfg = Debug|Any CPU
		{0F04F1B6-5AB2-45F2-92D7-170F98B2D642}.Ad-Hoc|x64.Build.0 = Debug|Any CPU
		{0F04F1B6-5AB2-45F2-92D7-170F98B2D642}.Ad-Hoc|x86.ActiveCfg = Debug|Any CPU
		{0F04F1B6-5AB2-45F2-92D7-170F98B2D642}.Ad-Hoc|x86.Build.0 = Debug|Any CPU
		{0F04F1B6-5AB2-45F2-92D7-170F98B2D642}.AppStore|Any CPU.ActiveCfg = Debug|Any CPU
		{0F04F1B6-5AB2-45F2-92D7-170F98B2D642}.AppStore|Any CPU.Build.0 = Debug|Any CPU
		{0F04F1B6-5AB2-45F2-92D7-170F98B2D642}.AppStore|ARM.ActiveCfg = Debug|Any CPU
		{0F04F1B6-5AB2-45F2-92D7-170F98B2D642}.AppStore|ARM.Build.0 = Debug|Any CPU
		{0F04F1B6-5AB2-45F2-92D7-170F98B2D642}.AppStore|iPhone.ActiveCfg = Debug|Any CPU
		{0F04F1B6-5AB2-45F2-92D7-170F98B2D642}.AppStore|iPhone.Build.0 = Debug|Any CPU
		{0F04F1B6-5AB2-45F2-92D7-170F98B2D642}.AppStore|iPhoneSimulator.ActiveCfg = Debug|Any CPU
		{0F04F1B6-5AB2-45F2-92D7-170F98B2D642}.AppStore|iPhoneSimulator.Build.0 = Debug|Any CPU
		{0F04F1B6-5AB2-45F2-92D7-170F98B2D642}.AppStore|x64.ActiveCfg = Debug|Any CPU
		{0F04F1B6-5AB2-45F2-92D7-170F98B2D642}.AppStore|x64.Build.0 = Debug|Any CPU
		{0F04F1B6-5AB2-45F2-92D7-170F98B2D642}.AppStore|x86.ActiveCfg = Debug|Any CPU
		{0F04F1B6-5AB2-45F2-92D7-170F98B2D642}.AppStore|x86.Build.0 = Debug|Any CPU
		{0F04F1B6-5AB2-45F2-92D7-170F98B2D642}.Debug|Any CPU.ActiveCfg = Debug|Any CPU
		{0F04F1B6-5AB2-45F2-92D7-170F98B2D642}.Debug|Any CPU.Build.0 = Debug|Any CPU
		{0F04F1B6-5AB2-45F2-92D7-170F98B2D642}.Debug|ARM.ActiveCfg = Debug|Any CPU
		{0F04F1B6-5AB2-45F2-92D7-170F98B2D642}.Debug|ARM.Build.0 = Debug|Any CPU
		{0F04F1B6-5AB2-45F2-92D7-170F98B2D642}.Debug|iPhone.ActiveCfg = Debug|Any CPU
		{0F04F1B6-5AB2-45F2-92D7-170F98B2D642}.Debug|iPhone.Build.0 = Debug|Any CPU
		{0F04F1B6-5AB2-45F2-92D7-170F98B2D642}.Debug|iPhoneSimulator.ActiveCfg = Debug|Any CPU
		{0F04F1B6-5AB2-45F2-92D7-170F98B2D642}.Debug|iPhoneSimulator.Build.0 = Debug|Any CPU
		{0F04F1B6-5AB2-45F2-92D7-170F98B2D642}.Debug|x64.ActiveCfg = Debug|Any CPU
		{0F04F1B6-5AB2-45F2-92D7-170F98B2D642}.Debug|x64.Build.0 = Debug|Any CPU
		{0F04F1B6-5AB2-45F2-92D7-170F98B2D642}.Debug|x86.ActiveCfg = Debug|Any CPU
		{0F04F1B6-5AB2-45F2-92D7-170F98B2D642}.Debug|x86.Build.0 = Debug|Any CPU
		{0F04F1B6-5AB2-45F2-92D7-170F98B2D642}.Release|Any CPU.ActiveCfg = Release|Any CPU
		{0F04F1B6-5AB2-45F2-92D7-170F98B2D642}.Release|Any CPU.Build.0 = Release|Any CPU
		{0F04F1B6-5AB2-45F2-92D7-170F98B2D642}.Release|ARM.ActiveCfg = Release|Any CPU
		{0F04F1B6-5AB2-45F2-92D7-170F98B2D642}.Release|ARM.Build.0 = Release|Any CPU
		{0F04F1B6-5AB2-45F2-92D7-170F98B2D642}.Release|iPhone.ActiveCfg = Release|Any CPU
		{0F04F1B6-5AB2-45F2-92D7-170F98B2D642}.Release|iPhone.Build.0 = Release|Any CPU
		{0F04F1B6-5AB2-45F2-92D7-170F98B2D642}.Release|iPhoneSimulator.ActiveCfg = Release|Any CPU
		{0F04F1B6-5AB2-45F2-92D7-170F98B2D642}.Release|iPhoneSimulator.Build.0 = Release|Any CPU
		{0F04F1B6-5AB2-45F2-92D7-170F98B2D642}.Release|x64.ActiveCfg = Release|Any CPU
		{0F04F1B6-5AB2-45F2-92D7-170F98B2D642}.Release|x64.Build.0 = Release|Any CPU
		{0F04F1B6-5AB2-45F2-92D7-170F98B2D642}.Release|x86.ActiveCfg = Release|Any CPU
		{0F04F1B6-5AB2-45F2-92D7-170F98B2D642}.Release|x86.Build.0 = Release|Any CPU
		{B0E8441B-A2C7-4CD5-A146-6100B45B3B8A}.Ad-Hoc|Any CPU.ActiveCfg = Debug|Any CPU
		{B0E8441B-A2C7-4CD5-A146-6100B45B3B8A}.Ad-Hoc|Any CPU.Build.0 = Debug|Any CPU
		{B0E8441B-A2C7-4CD5-A146-6100B45B3B8A}.Ad-Hoc|ARM.ActiveCfg = Debug|Any CPU
		{B0E8441B-A2C7-4CD5-A146-6100B45B3B8A}.Ad-Hoc|ARM.Build.0 = Debug|Any CPU
		{B0E8441B-A2C7-4CD5-A146-6100B45B3B8A}.Ad-Hoc|iPhone.ActiveCfg = Debug|Any CPU
		{B0E8441B-A2C7-4CD5-A146-6100B45B3B8A}.Ad-Hoc|iPhone.Build.0 = Debug|Any CPU
		{B0E8441B-A2C7-4CD5-A146-6100B45B3B8A}.Ad-Hoc|iPhoneSimulator.ActiveCfg = Debug|Any CPU
		{B0E8441B-A2C7-4CD5-A146-6100B45B3B8A}.Ad-Hoc|iPhoneSimulator.Build.0 = Debug|Any CPU
		{B0E8441B-A2C7-4CD5-A146-6100B45B3B8A}.Ad-Hoc|x64.ActiveCfg = Debug|Any CPU
		{B0E8441B-A2C7-4CD5-A146-6100B45B3B8A}.Ad-Hoc|x64.Build.0 = Debug|Any CPU
		{B0E8441B-A2C7-4CD5-A146-6100B45B3B8A}.Ad-Hoc|x86.ActiveCfg = Debug|Any CPU
		{B0E8441B-A2C7-4CD5-A146-6100B45B3B8A}.Ad-Hoc|x86.Build.0 = Debug|Any CPU
		{B0E8441B-A2C7-4CD5-A146-6100B45B3B8A}.AppStore|Any CPU.ActiveCfg = Debug|Any CPU
		{B0E8441B-A2C7-4CD5-A146-6100B45B3B8A}.AppStore|Any CPU.Build.0 = Debug|Any CPU
		{B0E8441B-A2C7-4CD5-A146-6100B45B3B8A}.AppStore|ARM.ActiveCfg = Debug|Any CPU
		{B0E8441B-A2C7-4CD5-A146-6100B45B3B8A}.AppStore|ARM.Build.0 = Debug|Any CPU
		{B0E8441B-A2C7-4CD5-A146-6100B45B3B8A}.AppStore|iPhone.ActiveCfg = Debug|Any CPU
		{B0E8441B-A2C7-4CD5-A146-6100B45B3B8A}.AppStore|iPhone.Build.0 = Debug|Any CPU
		{B0E8441B-A2C7-4CD5-A146-6100B45B3B8A}.AppStore|iPhoneSimulator.ActiveCfg = Debug|Any CPU
		{B0E8441B-A2C7-4CD5-A146-6100B45B3B8A}.AppStore|iPhoneSimulator.Build.0 = Debug|Any CPU
		{B0E8441B-A2C7-4CD5-A146-6100B45B3B8A}.AppStore|x64.ActiveCfg = Debug|Any CPU
		{B0E8441B-A2C7-4CD5-A146-6100B45B3B8A}.AppStore|x64.Build.0 = Debug|Any CPU
		{B0E8441B-A2C7-4CD5-A146-6100B45B3B8A}.AppStore|x86.ActiveCfg = Debug|Any CPU
		{B0E8441B-A2C7-4CD5-A146-6100B45B3B8A}.AppStore|x86.Build.0 = Debug|Any CPU
		{B0E8441B-A2C7-4CD5-A146-6100B45B3B8A}.Debug|Any CPU.ActiveCfg = Debug|Any CPU
		{B0E8441B-A2C7-4CD5-A146-6100B45B3B8A}.Debug|Any CPU.Build.0 = Debug|Any CPU
		{B0E8441B-A2C7-4CD5-A146-6100B45B3B8A}.Debug|ARM.ActiveCfg = Debug|Any CPU
		{B0E8441B-A2C7-4CD5-A146-6100B45B3B8A}.Debug|ARM.Build.0 = Debug|Any CPU
		{B0E8441B-A2C7-4CD5-A146-6100B45B3B8A}.Debug|iPhone.ActiveCfg = Debug|Any CPU
		{B0E8441B-A2C7-4CD5-A146-6100B45B3B8A}.Debug|iPhone.Build.0 = Debug|Any CPU
		{B0E8441B-A2C7-4CD5-A146-6100B45B3B8A}.Debug|iPhoneSimulator.ActiveCfg = Debug|Any CPU
		{B0E8441B-A2C7-4CD5-A146-6100B45B3B8A}.Debug|iPhoneSimulator.Build.0 = Debug|Any CPU
		{B0E8441B-A2C7-4CD5-A146-6100B45B3B8A}.Debug|x64.ActiveCfg = Debug|Any CPU
		{B0E8441B-A2C7-4CD5-A146-6100B45B3B8A}.Debug|x64.Build.0 = Debug|Any CPU
		{B0E8441B-A2C7-4CD5-A146-6100B45B3B8A}.Debug|x86.ActiveCfg = Debug|Any CPU
		{B0E8441B-A2C7-4CD5-A146-6100B45B3B8A}.Debug|x86.Build.0 = Debug|Any CPU
		{B0E8441B-A2C7-4CD5-A146-6100B45B3B8A}.Release|Any CPU.ActiveCfg = Release|Any CPU
		{B0E8441B-A2C7-4CD5-A146-6100B45B3B8A}.Release|Any CPU.Build.0 = Release|Any CPU
		{B0E8441B-A2C7-4CD5-A146-6100B45B3B8A}.Release|ARM.ActiveCfg = Release|Any CPU
		{B0E8441B-A2C7-4CD5-A146-6100B45B3B8A}.Release|ARM.Build.0 = Release|Any CPU
		{B0E8441B-A2C7-4CD5-A146-6100B45B3B8A}.Release|iPhone.ActiveCfg = Release|Any CPU
		{B0E8441B-A2C7-4CD5-A146-6100B45B3B8A}.Release|iPhone.Build.0 = Release|Any CPU
		{B0E8441B-A2C7-4CD5-A146-6100B45B3B8A}.Release|iPhoneSimulator.ActiveCfg = Release|Any CPU
		{B0E8441B-A2C7-4CD5-A146-6100B45B3B8A}.Release|iPhoneSimulator.Build.0 = Release|Any CPU
		{B0E8441B-A2C7-4CD5-A146-6100B45B3B8A}.Release|x64.ActiveCfg = Release|Any CPU
		{B0E8441B-A2C7-4CD5-A146-6100B45B3B8A}.Release|x64.Build.0 = Release|Any CPU
		{B0E8441B-A2C7-4CD5-A146-6100B45B3B8A}.Release|x86.ActiveCfg = Release|Any CPU
		{B0E8441B-A2C7-4CD5-A146-6100B45B3B8A}.Release|x86.Build.0 = Release|Any CPU
		{0D5AA5D1-1B69-4F81-8F31-63B03F838F06}.Ad-Hoc|Any CPU.ActiveCfg = Release|Any CPU
		{0D5AA5D1-1B69-4F81-8F31-63B03F838F06}.Ad-Hoc|Any CPU.Build.0 = Release|Any CPU
		{0D5AA5D1-1B69-4F81-8F31-63B03F838F06}.Ad-Hoc|Any CPU.Deploy.0 = Release|Any CPU
		{0D5AA5D1-1B69-4F81-8F31-63B03F838F06}.Ad-Hoc|ARM.ActiveCfg = Release|Any CPU
		{0D5AA5D1-1B69-4F81-8F31-63B03F838F06}.Ad-Hoc|ARM.Build.0 = Release|Any CPU
		{0D5AA5D1-1B69-4F81-8F31-63B03F838F06}.Ad-Hoc|ARM.Deploy.0 = Release|Any CPU
		{0D5AA5D1-1B69-4F81-8F31-63B03F838F06}.Ad-Hoc|iPhone.ActiveCfg = Release|Any CPU
		{0D5AA5D1-1B69-4F81-8F31-63B03F838F06}.Ad-Hoc|iPhone.Build.0 = Release|Any CPU
		{0D5AA5D1-1B69-4F81-8F31-63B03F838F06}.Ad-Hoc|iPhone.Deploy.0 = Release|Any CPU
		{0D5AA5D1-1B69-4F81-8F31-63B03F838F06}.Ad-Hoc|iPhoneSimulator.ActiveCfg = Release|Any CPU
		{0D5AA5D1-1B69-4F81-8F31-63B03F838F06}.Ad-Hoc|iPhoneSimulator.Build.0 = Release|Any CPU
		{0D5AA5D1-1B69-4F81-8F31-63B03F838F06}.Ad-Hoc|iPhoneSimulator.Deploy.0 = Release|Any CPU
		{0D5AA5D1-1B69-4F81-8F31-63B03F838F06}.Ad-Hoc|x64.ActiveCfg = Release|Any CPU
		{0D5AA5D1-1B69-4F81-8F31-63B03F838F06}.Ad-Hoc|x64.Build.0 = Release|Any CPU
		{0D5AA5D1-1B69-4F81-8F31-63B03F838F06}.Ad-Hoc|x64.Deploy.0 = Release|Any CPU
		{0D5AA5D1-1B69-4F81-8F31-63B03F838F06}.Ad-Hoc|x86.ActiveCfg = Release|Any CPU
		{0D5AA5D1-1B69-4F81-8F31-63B03F838F06}.Ad-Hoc|x86.Build.0 = Release|Any CPU
		{0D5AA5D1-1B69-4F81-8F31-63B03F838F06}.Ad-Hoc|x86.Deploy.0 = Release|Any CPU
		{0D5AA5D1-1B69-4F81-8F31-63B03F838F06}.AppStore|Any CPU.ActiveCfg = Release|Any CPU
		{0D5AA5D1-1B69-4F81-8F31-63B03F838F06}.AppStore|Any CPU.Build.0 = Release|Any CPU
		{0D5AA5D1-1B69-4F81-8F31-63B03F838F06}.AppStore|Any CPU.Deploy.0 = Release|Any CPU
		{0D5AA5D1-1B69-4F81-8F31-63B03F838F06}.AppStore|ARM.ActiveCfg = Release|Any CPU
		{0D5AA5D1-1B69-4F81-8F31-63B03F838F06}.AppStore|ARM.Build.0 = Release|Any CPU
		{0D5AA5D1-1B69-4F81-8F31-63B03F838F06}.AppStore|ARM.Deploy.0 = Release|Any CPU
		{0D5AA5D1-1B69-4F81-8F31-63B03F838F06}.AppStore|iPhone.ActiveCfg = Release|Any CPU
		{0D5AA5D1-1B69-4F81-8F31-63B03F838F06}.AppStore|iPhone.Build.0 = Release|Any CPU
		{0D5AA5D1-1B69-4F81-8F31-63B03F838F06}.AppStore|iPhone.Deploy.0 = Release|Any CPU
		{0D5AA5D1-1B69-4F81-8F31-63B03F838F06}.AppStore|iPhoneSimulator.ActiveCfg = Release|Any CPU
		{0D5AA5D1-1B69-4F81-8F31-63B03F838F06}.AppStore|iPhoneSimulator.Build.0 = Release|Any CPU
		{0D5AA5D1-1B69-4F81-8F31-63B03F838F06}.AppStore|iPhoneSimulator.Deploy.0 = Release|Any CPU
		{0D5AA5D1-1B69-4F81-8F31-63B03F838F06}.AppStore|x64.ActiveCfg = Release|Any CPU
		{0D5AA5D1-1B69-4F81-8F31-63B03F838F06}.AppStore|x64.Build.0 = Release|Any CPU
		{0D5AA5D1-1B69-4F81-8F31-63B03F838F06}.AppStore|x64.Deploy.0 = Release|Any CPU
		{0D5AA5D1-1B69-4F81-8F31-63B03F838F06}.AppStore|x86.ActiveCfg = Release|Any CPU
		{0D5AA5D1-1B69-4F81-8F31-63B03F838F06}.AppStore|x86.Build.0 = Release|Any CPU
		{0D5AA5D1-1B69-4F81-8F31-63B03F838F06}.AppStore|x86.Deploy.0 = Release|Any CPU
		{0D5AA5D1-1B69-4F81-8F31-63B03F838F06}.Debug|Any CPU.ActiveCfg = Debug|Any CPU
		{0D5AA5D1-1B69-4F81-8F31-63B03F838F06}.Debug|Any CPU.Build.0 = Debug|Any CPU
		{0D5AA5D1-1B69-4F81-8F31-63B03F838F06}.Debug|Any CPU.Deploy.0 = Debug|Any CPU
		{0D5AA5D1-1B69-4F81-8F31-63B03F838F06}.Debug|ARM.ActiveCfg = Debug|Any CPU
		{0D5AA5D1-1B69-4F81-8F31-63B03F838F06}.Debug|ARM.Build.0 = Debug|Any CPU
		{0D5AA5D1-1B69-4F81-8F31-63B03F838F06}.Debug|ARM.Deploy.0 = Debug|Any CPU
		{0D5AA5D1-1B69-4F81-8F31-63B03F838F06}.Debug|iPhone.ActiveCfg = Debug|Any CPU
		{0D5AA5D1-1B69-4F81-8F31-63B03F838F06}.Debug|iPhone.Build.0 = Debug|Any CPU
		{0D5AA5D1-1B69-4F81-8F31-63B03F838F06}.Debug|iPhone.Deploy.0 = Debug|Any CPU
		{0D5AA5D1-1B69-4F81-8F31-63B03F838F06}.Debug|iPhoneSimulator.ActiveCfg = Debug|Any CPU
		{0D5AA5D1-1B69-4F81-8F31-63B03F838F06}.Debug|iPhoneSimulator.Build.0 = Debug|Any CPU
		{0D5AA5D1-1B69-4F81-8F31-63B03F838F06}.Debug|iPhoneSimulator.Deploy.0 = Debug|Any CPU
		{0D5AA5D1-1B69-4F81-8F31-63B03F838F06}.Debug|x64.ActiveCfg = Debug|Any CPU
		{0D5AA5D1-1B69-4F81-8F31-63B03F838F06}.Debug|x64.Build.0 = Debug|Any CPU
		{0D5AA5D1-1B69-4F81-8F31-63B03F838F06}.Debug|x64.Deploy.0 = Debug|Any CPU
		{0D5AA5D1-1B69-4F81-8F31-63B03F838F06}.Debug|x86.ActiveCfg = Debug|Any CPU
		{0D5AA5D1-1B69-4F81-8F31-63B03F838F06}.Debug|x86.Build.0 = Debug|Any CPU
		{0D5AA5D1-1B69-4F81-8F31-63B03F838F06}.Debug|x86.Deploy.0 = Debug|Any CPU
		{0D5AA5D1-1B69-4F81-8F31-63B03F838F06}.Release|Any CPU.ActiveCfg = Release|Any CPU
		{0D5AA5D1-1B69-4F81-8F31-63B03F838F06}.Release|Any CPU.Build.0 = Release|Any CPU
		{0D5AA5D1-1B69-4F81-8F31-63B03F838F06}.Release|Any CPU.Deploy.0 = Release|Any CPU
		{0D5AA5D1-1B69-4F81-8F31-63B03F838F06}.Release|ARM.ActiveCfg = Release|Any CPU
		{0D5AA5D1-1B69-4F81-8F31-63B03F838F06}.Release|ARM.Build.0 = Release|Any CPU
		{0D5AA5D1-1B69-4F81-8F31-63B03F838F06}.Release|ARM.Deploy.0 = Release|Any CPU
		{0D5AA5D1-1B69-4F81-8F31-63B03F838F06}.Release|iPhone.ActiveCfg = Release|Any CPU
		{0D5AA5D1-1B69-4F81-8F31-63B03F838F06}.Release|iPhone.Build.0 = Release|Any CPU
		{0D5AA5D1-1B69-4F81-8F31-63B03F838F06}.Release|iPhone.Deploy.0 = Release|Any CPU
		{0D5AA5D1-1B69-4F81-8F31-63B03F838F06}.Release|iPhoneSimulator.ActiveCfg = Release|Any CPU
		{0D5AA5D1-1B69-4F81-8F31-63B03F838F06}.Release|iPhoneSimulator.Build.0 = Release|Any CPU
		{0D5AA5D1-1B69-4F81-8F31-63B03F838F06}.Release|iPhoneSimulator.Deploy.0 = Release|Any CPU
		{0D5AA5D1-1B69-4F81-8F31-63B03F838F06}.Release|x64.ActiveCfg = Release|Any CPU
		{0D5AA5D1-1B69-4F81-8F31-63B03F838F06}.Release|x64.Build.0 = Release|Any CPU
		{0D5AA5D1-1B69-4F81-8F31-63B03F838F06}.Release|x64.Deploy.0 = Release|Any CPU
		{0D5AA5D1-1B69-4F81-8F31-63B03F838F06}.Release|x86.ActiveCfg = Release|Any CPU
		{0D5AA5D1-1B69-4F81-8F31-63B03F838F06}.Release|x86.Build.0 = Release|Any CPU
		{0D5AA5D1-1B69-4F81-8F31-63B03F838F06}.Release|x86.Deploy.0 = Release|Any CPU
		{964C1F70-F3B5-4300-A937-A4EF59BDB745}.Ad-Hoc|Any CPU.ActiveCfg = Ad-Hoc|iPhone
		{964C1F70-F3B5-4300-A937-A4EF59BDB745}.Ad-Hoc|ARM.ActiveCfg = Ad-Hoc|iPhone
		{964C1F70-F3B5-4300-A937-A4EF59BDB745}.Ad-Hoc|iPhone.ActiveCfg = Ad-Hoc|iPhone
		{964C1F70-F3B5-4300-A937-A4EF59BDB745}.Ad-Hoc|iPhone.Build.0 = Ad-Hoc|iPhone
		{964C1F70-F3B5-4300-A937-A4EF59BDB745}.Ad-Hoc|iPhoneSimulator.ActiveCfg = Ad-Hoc|iPhoneSimulator
		{964C1F70-F3B5-4300-A937-A4EF59BDB745}.Ad-Hoc|iPhoneSimulator.Build.0 = Ad-Hoc|iPhoneSimulator
		{964C1F70-F3B5-4300-A937-A4EF59BDB745}.Ad-Hoc|x64.ActiveCfg = Ad-Hoc|iPhone
		{964C1F70-F3B5-4300-A937-A4EF59BDB745}.Ad-Hoc|x86.ActiveCfg = Ad-Hoc|iPhone
		{964C1F70-F3B5-4300-A937-A4EF59BDB745}.AppStore|Any CPU.ActiveCfg = AppStore|iPhone
		{964C1F70-F3B5-4300-A937-A4EF59BDB745}.AppStore|ARM.ActiveCfg = AppStore|iPhone
		{964C1F70-F3B5-4300-A937-A4EF59BDB745}.AppStore|iPhone.ActiveCfg = AppStore|iPhone
		{964C1F70-F3B5-4300-A937-A4EF59BDB745}.AppStore|iPhone.Build.0 = AppStore|iPhone
		{964C1F70-F3B5-4300-A937-A4EF59BDB745}.AppStore|iPhoneSimulator.ActiveCfg = AppStore|iPhoneSimulator
		{964C1F70-F3B5-4300-A937-A4EF59BDB745}.AppStore|iPhoneSimulator.Build.0 = AppStore|iPhoneSimulator
		{964C1F70-F3B5-4300-A937-A4EF59BDB745}.AppStore|x64.ActiveCfg = AppStore|iPhone
		{964C1F70-F3B5-4300-A937-A4EF59BDB745}.AppStore|x86.ActiveCfg = AppStore|iPhone
		{964C1F70-F3B5-4300-A937-A4EF59BDB745}.Debug|Any CPU.ActiveCfg = Debug|iPhone
		{964C1F70-F3B5-4300-A937-A4EF59BDB745}.Debug|ARM.ActiveCfg = Debug|iPhone
		{964C1F70-F3B5-4300-A937-A4EF59BDB745}.Debug|iPhone.ActiveCfg = Debug|iPhone
		{964C1F70-F3B5-4300-A937-A4EF59BDB745}.Debug|iPhone.Build.0 = Debug|iPhone
		{964C1F70-F3B5-4300-A937-A4EF59BDB745}.Debug|iPhoneSimulator.ActiveCfg = Debug|iPhoneSimulator
		{964C1F70-F3B5-4300-A937-A4EF59BDB745}.Debug|iPhoneSimulator.Build.0 = Debug|iPhoneSimulator
		{964C1F70-F3B5-4300-A937-A4EF59BDB745}.Debug|x64.ActiveCfg = Debug|iPhone
		{964C1F70-F3B5-4300-A937-A4EF59BDB745}.Debug|x86.ActiveCfg = Debug|iPhone
		{964C1F70-F3B5-4300-A937-A4EF59BDB745}.Release|Any CPU.ActiveCfg = Release|iPhone
		{964C1F70-F3B5-4300-A937-A4EF59BDB745}.Release|ARM.ActiveCfg = Release|iPhone
		{964C1F70-F3B5-4300-A937-A4EF59BDB745}.Release|iPhone.ActiveCfg = Release|iPhone
		{964C1F70-F3B5-4300-A937-A4EF59BDB745}.Release|iPhone.Build.0 = Release|iPhone
		{964C1F70-F3B5-4300-A937-A4EF59BDB745}.Release|iPhoneSimulator.ActiveCfg = Release|iPhoneSimulator
		{964C1F70-F3B5-4300-A937-A4EF59BDB745}.Release|iPhoneSimulator.Build.0 = Release|iPhoneSimulator
		{964C1F70-F3B5-4300-A937-A4EF59BDB745}.Release|x64.ActiveCfg = Release|iPhone
		{964C1F70-F3B5-4300-A937-A4EF59BDB745}.Release|x86.ActiveCfg = Release|iPhone
		{25E9B313-70E2-49FD-BE58-DD92567DEB9F}.Ad-Hoc|Any CPU.ActiveCfg = Release|x86
		{25E9B313-70E2-49FD-BE58-DD92567DEB9F}.Ad-Hoc|Any CPU.Build.0 = Release|x86
		{25E9B313-70E2-49FD-BE58-DD92567DEB9F}.Ad-Hoc|Any CPU.Deploy.0 = Release|x86
		{25E9B313-70E2-49FD-BE58-DD92567DEB9F}.Ad-Hoc|ARM.ActiveCfg = Release|ARM
		{25E9B313-70E2-49FD-BE58-DD92567DEB9F}.Ad-Hoc|ARM.Build.0 = Release|ARM
		{25E9B313-70E2-49FD-BE58-DD92567DEB9F}.Ad-Hoc|ARM.Deploy.0 = Release|ARM
		{25E9B313-70E2-49FD-BE58-DD92567DEB9F}.Ad-Hoc|iPhone.ActiveCfg = Release|x86
		{25E9B313-70E2-49FD-BE58-DD92567DEB9F}.Ad-Hoc|iPhone.Build.0 = Release|x86
		{25E9B313-70E2-49FD-BE58-DD92567DEB9F}.Ad-Hoc|iPhone.Deploy.0 = Release|x86
		{25E9B313-70E2-49FD-BE58-DD92567DEB9F}.Ad-Hoc|iPhoneSimulator.ActiveCfg = Release|x86
		{25E9B313-70E2-49FD-BE58-DD92567DEB9F}.Ad-Hoc|iPhoneSimulator.Build.0 = Release|x86
		{25E9B313-70E2-49FD-BE58-DD92567DEB9F}.Ad-Hoc|iPhoneSimulator.Deploy.0 = Release|x86
		{25E9B313-70E2-49FD-BE58-DD92567DEB9F}.Ad-Hoc|x64.ActiveCfg = Release|x64
		{25E9B313-70E2-49FD-BE58-DD92567DEB9F}.Ad-Hoc|x64.Build.0 = Release|x64
		{25E9B313-70E2-49FD-BE58-DD92567DEB9F}.Ad-Hoc|x64.Deploy.0 = Release|x64
		{25E9B313-70E2-49FD-BE58-DD92567DEB9F}.Ad-Hoc|x86.ActiveCfg = Release|x86
		{25E9B313-70E2-49FD-BE58-DD92567DEB9F}.Ad-Hoc|x86.Build.0 = Release|x86
		{25E9B313-70E2-49FD-BE58-DD92567DEB9F}.Ad-Hoc|x86.Deploy.0 = Release|x86
		{25E9B313-70E2-49FD-BE58-DD92567DEB9F}.AppStore|Any CPU.ActiveCfg = Release|x86
		{25E9B313-70E2-49FD-BE58-DD92567DEB9F}.AppStore|Any CPU.Build.0 = Release|x86
		{25E9B313-70E2-49FD-BE58-DD92567DEB9F}.AppStore|Any CPU.Deploy.0 = Release|x86
		{25E9B313-70E2-49FD-BE58-DD92567DEB9F}.AppStore|ARM.ActiveCfg = Release|ARM
		{25E9B313-70E2-49FD-BE58-DD92567DEB9F}.AppStore|ARM.Build.0 = Release|ARM
		{25E9B313-70E2-49FD-BE58-DD92567DEB9F}.AppStore|ARM.Deploy.0 = Release|ARM
		{25E9B313-70E2-49FD-BE58-DD92567DEB9F}.AppStore|iPhone.ActiveCfg = Release|x86
		{25E9B313-70E2-49FD-BE58-DD92567DEB9F}.AppStore|iPhone.Build.0 = Release|x86
		{25E9B313-70E2-49FD-BE58-DD92567DEB9F}.AppStore|iPhone.Deploy.0 = Release|x86
		{25E9B313-70E2-49FD-BE58-DD92567DEB9F}.AppStore|iPhoneSimulator.ActiveCfg = Release|x86
		{25E9B313-70E2-49FD-BE58-DD92567DEB9F}.AppStore|iPhoneSimulator.Build.0 = Release|x86
		{25E9B313-70E2-49FD-BE58-DD92567DEB9F}.AppStore|iPhoneSimulator.Deploy.0 = Release|x86
		{25E9B313-70E2-49FD-BE58-DD92567DEB9F}.AppStore|x64.ActiveCfg = Release|x64
		{25E9B313-70E2-49FD-BE58-DD92567DEB9F}.AppStore|x64.Build.0 = Release|x64
		{25E9B313-70E2-49FD-BE58-DD92567DEB9F}.AppStore|x64.Deploy.0 = Release|x64
		{25E9B313-70E2-49FD-BE58-DD92567DEB9F}.AppStore|x86.ActiveCfg = Release|x86
		{25E9B313-70E2-49FD-BE58-DD92567DEB9F}.AppStore|x86.Build.0 = Release|x86
		{25E9B313-70E2-49FD-BE58-DD92567DEB9F}.AppStore|x86.Deploy.0 = Release|x86
		{25E9B313-70E2-49FD-BE58-DD92567DEB9F}.Debug|Any CPU.ActiveCfg = Debug|x86
		{25E9B313-70E2-49FD-BE58-DD92567DEB9F}.Debug|ARM.ActiveCfg = Debug|ARM
		{25E9B313-70E2-49FD-BE58-DD92567DEB9F}.Debug|ARM.Build.0 = Debug|ARM
		{25E9B313-70E2-49FD-BE58-DD92567DEB9F}.Debug|ARM.Deploy.0 = Debug|ARM
		{25E9B313-70E2-49FD-BE58-DD92567DEB9F}.Debug|iPhone.ActiveCfg = Debug|x86
		{25E9B313-70E2-49FD-BE58-DD92567DEB9F}.Debug|iPhoneSimulator.ActiveCfg = Debug|x86
		{25E9B313-70E2-49FD-BE58-DD92567DEB9F}.Debug|x64.ActiveCfg = Debug|x64
		{25E9B313-70E2-49FD-BE58-DD92567DEB9F}.Debug|x64.Build.0 = Debug|x64
		{25E9B313-70E2-49FD-BE58-DD92567DEB9F}.Debug|x64.Deploy.0 = Debug|x64
		{25E9B313-70E2-49FD-BE58-DD92567DEB9F}.Debug|x86.ActiveCfg = Debug|x86
		{25E9B313-70E2-49FD-BE58-DD92567DEB9F}.Debug|x86.Build.0 = Debug|x86
		{25E9B313-70E2-49FD-BE58-DD92567DEB9F}.Debug|x86.Deploy.0 = Debug|x86
		{25E9B313-70E2-49FD-BE58-DD92567DEB9F}.Release|Any CPU.ActiveCfg = Release|x86
		{25E9B313-70E2-49FD-BE58-DD92567DEB9F}.Release|ARM.ActiveCfg = Release|ARM
		{25E9B313-70E2-49FD-BE58-DD92567DEB9F}.Release|ARM.Build.0 = Release|ARM
		{25E9B313-70E2-49FD-BE58-DD92567DEB9F}.Release|ARM.Deploy.0 = Release|ARM
		{25E9B313-70E2-49FD-BE58-DD92567DEB9F}.Release|iPhone.ActiveCfg = Release|x86
		{25E9B313-70E2-49FD-BE58-DD92567DEB9F}.Release|iPhoneSimulator.ActiveCfg = Release|x86
		{25E9B313-70E2-49FD-BE58-DD92567DEB9F}.Release|x64.ActiveCfg = Release|x64
		{25E9B313-70E2-49FD-BE58-DD92567DEB9F}.Release|x64.Build.0 = Release|x64
		{25E9B313-70E2-49FD-BE58-DD92567DEB9F}.Release|x64.Deploy.0 = Release|x64
		{25E9B313-70E2-49FD-BE58-DD92567DEB9F}.Release|x86.ActiveCfg = Release|x86
		{25E9B313-70E2-49FD-BE58-DD92567DEB9F}.Release|x86.Build.0 = Release|x86
		{25E9B313-70E2-49FD-BE58-DD92567DEB9F}.Release|x86.Deploy.0 = Release|x86
		{8FCB616F-6C3A-4AD4-9D64-92FE080CCBCB}.Ad-Hoc|Any CPU.ActiveCfg = Debug|Any CPU
		{8FCB616F-6C3A-4AD4-9D64-92FE080CCBCB}.Ad-Hoc|Any CPU.Build.0 = Debug|Any CPU
		{8FCB616F-6C3A-4AD4-9D64-92FE080CCBCB}.Ad-Hoc|ARM.ActiveCfg = Debug|Any CPU
		{8FCB616F-6C3A-4AD4-9D64-92FE080CCBCB}.Ad-Hoc|ARM.Build.0 = Debug|Any CPU
		{8FCB616F-6C3A-4AD4-9D64-92FE080CCBCB}.Ad-Hoc|iPhone.ActiveCfg = Debug|Any CPU
		{8FCB616F-6C3A-4AD4-9D64-92FE080CCBCB}.Ad-Hoc|iPhone.Build.0 = Debug|Any CPU
		{8FCB616F-6C3A-4AD4-9D64-92FE080CCBCB}.Ad-Hoc|iPhoneSimulator.ActiveCfg = Debug|Any CPU
		{8FCB616F-6C3A-4AD4-9D64-92FE080CCBCB}.Ad-Hoc|iPhoneSimulator.Build.0 = Debug|Any CPU
		{8FCB616F-6C3A-4AD4-9D64-92FE080CCBCB}.Ad-Hoc|x64.ActiveCfg = Debug|Any CPU
		{8FCB616F-6C3A-4AD4-9D64-92FE080CCBCB}.Ad-Hoc|x64.Build.0 = Debug|Any CPU
		{8FCB616F-6C3A-4AD4-9D64-92FE080CCBCB}.Ad-Hoc|x86.ActiveCfg = Debug|Any CPU
		{8FCB616F-6C3A-4AD4-9D64-92FE080CCBCB}.Ad-Hoc|x86.Build.0 = Debug|Any CPU
		{8FCB616F-6C3A-4AD4-9D64-92FE080CCBCB}.AppStore|Any CPU.ActiveCfg = Debug|Any CPU
		{8FCB616F-6C3A-4AD4-9D64-92FE080CCBCB}.AppStore|Any CPU.Build.0 = Debug|Any CPU
		{8FCB616F-6C3A-4AD4-9D64-92FE080CCBCB}.AppStore|ARM.ActiveCfg = Debug|Any CPU
		{8FCB616F-6C3A-4AD4-9D64-92FE080CCBCB}.AppStore|ARM.Build.0 = Debug|Any CPU
		{8FCB616F-6C3A-4AD4-9D64-92FE080CCBCB}.AppStore|iPhone.ActiveCfg = Debug|Any CPU
		{8FCB616F-6C3A-4AD4-9D64-92FE080CCBCB}.AppStore|iPhone.Build.0 = Debug|Any CPU
		{8FCB616F-6C3A-4AD4-9D64-92FE080CCBCB}.AppStore|iPhoneSimulator.ActiveCfg = Debug|Any CPU
		{8FCB616F-6C3A-4AD4-9D64-92FE080CCBCB}.AppStore|iPhoneSimulator.Build.0 = Debug|Any CPU
		{8FCB616F-6C3A-4AD4-9D64-92FE080CCBCB}.AppStore|x64.ActiveCfg = Debug|Any CPU
		{8FCB616F-6C3A-4AD4-9D64-92FE080CCBCB}.AppStore|x64.Build.0 = Debug|Any CPU
		{8FCB616F-6C3A-4AD4-9D64-92FE080CCBCB}.AppStore|x86.ActiveCfg = Debug|Any CPU
		{8FCB616F-6C3A-4AD4-9D64-92FE080CCBCB}.AppStore|x86.Build.0 = Debug|Any CPU
		{8FCB616F-6C3A-4AD4-9D64-92FE080CCBCB}.Debug|Any CPU.ActiveCfg = Debug|Any CPU
		{8FCB616F-6C3A-4AD4-9D64-92FE080CCBCB}.Debug|Any CPU.Build.0 = Debug|Any CPU
		{8FCB616F-6C3A-4AD4-9D64-92FE080CCBCB}.Debug|ARM.ActiveCfg = Debug|Any CPU
		{8FCB616F-6C3A-4AD4-9D64-92FE080CCBCB}.Debug|ARM.Build.0 = Debug|Any CPU
		{8FCB616F-6C3A-4AD4-9D64-92FE080CCBCB}.Debug|iPhone.ActiveCfg = Debug|Any CPU
		{8FCB616F-6C3A-4AD4-9D64-92FE080CCBCB}.Debug|iPhone.Build.0 = Debug|Any CPU
		{8FCB616F-6C3A-4AD4-9D64-92FE080CCBCB}.Debug|iPhoneSimulator.ActiveCfg = Debug|Any CPU
		{8FCB616F-6C3A-4AD4-9D64-92FE080CCBCB}.Debug|iPhoneSimulator.Build.0 = Debug|Any CPU
		{8FCB616F-6C3A-4AD4-9D64-92FE080CCBCB}.Debug|x64.ActiveCfg = Debug|Any CPU
		{8FCB616F-6C3A-4AD4-9D64-92FE080CCBCB}.Debug|x64.Build.0 = Debug|Any CPU
		{8FCB616F-6C3A-4AD4-9D64-92FE080CCBCB}.Debug|x86.ActiveCfg = Debug|Any CPU
		{8FCB616F-6C3A-4AD4-9D64-92FE080CCBCB}.Debug|x86.Build.0 = Debug|Any CPU
		{8FCB616F-6C3A-4AD4-9D64-92FE080CCBCB}.Release|Any CPU.ActiveCfg = Release|Any CPU
		{8FCB616F-6C3A-4AD4-9D64-92FE080CCBCB}.Release|Any CPU.Build.0 = Release|Any CPU
		{8FCB616F-6C3A-4AD4-9D64-92FE080CCBCB}.Release|ARM.ActiveCfg = Release|Any CPU
		{8FCB616F-6C3A-4AD4-9D64-92FE080CCBCB}.Release|ARM.Build.0 = Release|Any CPU
		{8FCB616F-6C3A-4AD4-9D64-92FE080CCBCB}.Release|iPhone.ActiveCfg = Release|Any CPU
		{8FCB616F-6C3A-4AD4-9D64-92FE080CCBCB}.Release|iPhone.Build.0 = Release|Any CPU
		{8FCB616F-6C3A-4AD4-9D64-92FE080CCBCB}.Release|iPhoneSimulator.ActiveCfg = Release|Any CPU
		{8FCB616F-6C3A-4AD4-9D64-92FE080CCBCB}.Release|iPhoneSimulator.Build.0 = Release|Any CPU
		{8FCB616F-6C3A-4AD4-9D64-92FE080CCBCB}.Release|x64.ActiveCfg = Release|Any CPU
		{8FCB616F-6C3A-4AD4-9D64-92FE080CCBCB}.Release|x64.Build.0 = Release|Any CPU
		{8FCB616F-6C3A-4AD4-9D64-92FE080CCBCB}.Release|x86.ActiveCfg = Release|Any CPU
		{8FCB616F-6C3A-4AD4-9D64-92FE080CCBCB}.Release|x86.Build.0 = Release|Any CPU
	EndGlobalSection
	GlobalSection(SolutionProperties) = preSolution
		HideSolutionNode = FALSE
	EndGlobalSection
	GlobalSection(NestedProjects) = preSolution
		{0D5AA5D1-1B69-4F81-8F31-63B03F838F06} = {D765712F-A3DC-4D73-B803-BCBE64636686}
		{964C1F70-F3B5-4300-A937-A4EF59BDB745} = {D765712F-A3DC-4D73-B803-BCBE64636686}
		{25E9B313-70E2-49FD-BE58-DD92567DEB9F} = {D765712F-A3DC-4D73-B803-BCBE64636686}
		{8FCB616F-6C3A-4AD4-9D64-92FE080CCBCB} = {D765712F-A3DC-4D73-B803-BCBE64636686}
	EndGlobalSection
	GlobalSection(ExtensibilityGlobals) = postSolution
		SolutionGuid = {9D33A045-AF49-4E86-8A13-23E3DDC964B5}
	EndGlobalSection
EndGlobal
